
Microsoft Visual Studio Solution File, Format Version 12.00
# Visual Studio Version 16
VisualStudioVersion = 16.0.30503.244
MinimumVisualStudioVersion = 10.0.40219.1
Project("{FAE04EC0-301F-11D3-BF4B-00C04F79EFBC}") = "lab2", "lab2\lab2.csproj", "{0CFE4AFF-4776-47E3-ABAA-B9DC8D06FF9B}"
EndProject
Project("{FAE04EC0-301F-11D3-BF4B-00C04F79EFBC}") = "lab2.Tests", "lab2.Tests\lab2.Tests.csproj", "{B0EF95D6-3CC5-46E5-848B-527167362495}"
EndProject
Global
	GlobalSection(SolutionConfigurationPlatforms) = preSolution
		Debug|Any CPU = Debug|Any CPU
		Release|Any CPU = Release|Any CPU
	EndGlobalSection
	GlobalSection(ProjectConfigurationPlatforms) = postSolution
		{0CFE4AFF-4776-47E3-ABAA-B9DC8D06FF9B}.Debug|Any CPU.ActiveCfg = Debug|Any CPU
		{0CFE4AFF-4776-47E3-ABAA-B9DC8D06FF9B}.Debug|Any CPU.Build.0 = Debug|Any CPU
		{0CFE4AFF-4776-47E3-ABAA-B9DC8D06FF9B}.Release|Any CPU.ActiveCfg = Release|Any CPU
		{0CFE4AFF-4776-47E3-ABAA-B9DC8D06FF9B}.Release|Any CPU.Build.0 = Release|Any CPU
		{B0EF95D6-3CC5-46E5-848B-527167362495}.Debug|Any CPU.ActiveCfg = Debug|Any CPU
		{B0EF95D6-3CC5-46E5-848B-527167362495}.Debug|Any CPU.Build.0 = Debug|Any CPU
		{B0EF95D6-3CC5-46E5-848B-527167362495}.Release|Any CPU.ActiveCfg = Release|Any CPU
		{B0EF95D6-3CC5-46E5-848B-527167362495}.Release|Any CPU.Build.0 = Release|Any CPU
	EndGlobalSection
	GlobalSection(SolutionProperties) = preSolution
		HideSolutionNode = FALSE
	EndGlobalSection
	GlobalSection(ExtensibilityGlobals) = postSolution
		SolutionGuid = {751881B8-4C5C-4664-AAA9-B0D05A6FFFA9}
	EndGlobalSection
EndGlobal
